{
  "name": "typescript-5-0-sandbox",
  "version": "0.0.0",
  "lockfileVersion": 2,
  "requires": true,
  "packages": {
    "": {
      "name": "typescript-5-0-sandbox",
      "version": "0.0.0",
      "license": "ISC",
      "engines": {
        "node": "18.12.1",
        "npm": "8.19.2"
      }
    }
  }
}
